
Microsoft Visual Studio Solution File, Format Version 11.00
# Visual Studio 2010
Project("{FAE04EC0-301F-11D3-BF4B-00C04F79EFBC}") = "Demothuchanh", "Demothuchanh\Demothuchanh.csproj", "{0EA01919-0B48-4E42-BAC7-4A8B8940B21C}"
EndProject
Global
	GlobalSection(SolutionConfigurationPlatforms) = preSolution
		Debug|x86 = Debug|x86
		Release|x86 = Release|x86
	EndGlobalSection
	GlobalSection(ProjectConfigurationPlatforms) = postSolution
		{0EA01919-0B48-4E42-BAC7-4A8B8940B21C}.Debug|x86.ActiveCfg = Debug|x86
		{0EA01919-0B48-4E42-BAC7-4A8B8940B21C}.Debug|x86.Build.0 = Debug|x86
		{0EA01919-0B48-4E42-BAC7-4A8B8940B21C}.Release|x86.ActiveCfg = Release|x86
		{0EA01919-0B48-4E42-BAC7-4A8B8940B21C}.Release|x86.Build.0 = Release|x86
	EndGlobalSection
	GlobalSection(SolutionProperties) = preSolution
		HideSolutionNode = FALSE
	EndGlobalSection
EndGlobal
